
Microsoft Visual Studio Solution File, Format Version 12.00
# Visual Studio Version 17
VisualStudioVersion = 17.11.35208.52
MinimumVisualStudioVersion = 10.0.40219.1
Project("{FAE04EC0-301F-11D3-BF4B-00C04F79EFBC}") = "SharpSyntaxSociety_Project", "SharpSyntaxSociety_Project.csproj", "{A47D7499-56B2-4E39-B543-ED823F9C1503}"
EndProject
Global
	GlobalSection(SolutionConfigurationPlatforms) = preSolution
		Debug|Any CPU = Debug|Any CPU
		Release|Any CPU = Release|Any CPU
	EndGlobalSection
	GlobalSection(ProjectConfigurationPlatforms) = postSolution
		{A47D7499-56B2-4E39-B543-ED823F9C1503}.Debug|Any CPU.ActiveCfg = Debug|Any CPU
		{A47D7499-56B2-4E39-B543-ED823F9C1503}.Debug|Any CPU.Build.0 = Debug|Any CPU
		{A47D7499-56B2-4E39-B543-ED823F9C1503}.Release|Any CPU.ActiveCfg = Release|Any CPU
		{A47D7499-56B2-4E39-B543-ED823F9C1503}.Release|Any CPU.Build.0 = Release|Any CPU
	EndGlobalSection
	GlobalSection(SolutionProperties) = preSolution
		HideSolutionNode = FALSE
	EndGlobalSection
	GlobalSection(ExtensibilityGlobals) = postSolution
		SolutionGuid = {A6B1D2EF-B7B5-468B-A1FD-EB2FBEB6C798}
	EndGlobalSection
EndGlobal
